
Microsoft Visual Studio Solution File, Format Version 12.00
# Visual Studio 14
VisualStudioVersion = 14.0.25123.0
MinimumVisualStudioVersion = 10.0.40219.1
Project("{FAE04EC0-301F-11D3-BF4B-00C04F79EFBC}") = "HotelAppGuestWin10", "HotelAppGuestWin10\HotelAppGuestWin10.csproj", "{7A44E4D0-EEC3-44A5-AF5A-EAAB971336A7}"
EndProject
Project("{FAE04EC0-301F-11D3-BF4B-00C04F79EFBC}") = "HotelAPPGuestUnitTest", "HotelAPPGuestUnitTest\HotelAPPGuestUnitTest.csproj", "{9176DE93-A6A6-4F29-B9C4-2358111DE0C4}"
EndProject
Project("{FAE04EC0-301F-11D3-BF4B-00C04F79EFBC}") = "HotelWebservice2", "HotelWebservice2\HotelWebservice2.csproj", "{BD32BC48-30E2-4688-8887-C231EC1DBB6F}"
EndProject
Project("{FAE04EC0-301F-11D3-BF4B-00C04F79EFBC}") = "HotelRESTConsole", "HotelRESTConsole\HotelRESTConsole.csproj", "{AAB52069-64AF-4A31-BFE0-454B4FA1861F}"
EndProject
Global
	GlobalSection(SolutionConfigurationPlatforms) = preSolution
		Debug|Any CPU = Debug|Any CPU
		Debug|ARM = Debug|ARM
		Debug|x64 = Debug|x64
		Debug|x86 = Debug|x86
		Release|Any CPU = Release|Any CPU
		Release|ARM = Release|ARM
		Release|x64 = Release|x64
		Release|x86 = Release|x86
	EndGlobalSection
	GlobalSection(ProjectConfigurationPlatforms) = postSolution
		{7A44E4D0-EEC3-44A5-AF5A-EAAB971336A7}.Debug|Any CPU.ActiveCfg = Debug|x86
		{7A44E4D0-EEC3-44A5-AF5A-EAAB971336A7}.Debug|ARM.ActiveCfg = Debug|ARM
		{7A44E4D0-EEC3-44A5-AF5A-EAAB971336A7}.Debug|ARM.Build.0 = Debug|ARM
		{7A44E4D0-EEC3-44A5-AF5A-EAAB971336A7}.Debug|ARM.Deploy.0 = Debug|ARM
		{7A44E4D0-EEC3-44A5-AF5A-EAAB971336A7}.Debug|x64.ActiveCfg = Debug|x64
		{7A44E4D0-EEC3-44A5-AF5A-EAAB971336A7}.Debug|x64.Build.0 = Debug|x64
		{7A44E4D0-EEC3-44A5-AF5A-EAAB971336A7}.Debug|x64.Deploy.0 = Debug|x64
		{7A44E4D0-EEC3-44A5-AF5A-EAAB971336A7}.Debug|x86.ActiveCfg = Debug|x86
		{7A44E4D0-EEC3-44A5-AF5A-EAAB971336A7}.Debug|x86.Build.0 = Debug|x86
		{7A44E4D0-EEC3-44A5-AF5A-EAAB971336A7}.Debug|x86.Deploy.0 = Debug|x86
		{7A44E4D0-EEC3-44A5-AF5A-EAAB971336A7}.Release|Any CPU.ActiveCfg = Release|x86
		{7A44E4D0-EEC3-44A5-AF5A-EAAB971336A7}.Release|ARM.ActiveCfg = Release|ARM
		{7A44E4D0-EEC3-44A5-AF5A-EAAB971336A7}.Release|ARM.Build.0 = Release|ARM
		{7A44E4D0-EEC3-44A5-AF5A-EAAB971336A7}.Release|ARM.Deploy.0 = Release|ARM
		{7A44E4D0-EEC3-44A5-AF5A-EAAB971336A7}.Release|x64.ActiveCfg = Release|x64
		{7A44E4D0-EEC3-44A5-AF5A-EAAB971336A7}.Release|x64.Build.0 = Release|x64
		{7A44E4D0-EEC3-44A5-AF5A-EAAB971336A7}.Release|x64.Deploy.0 = Release|x64
		{7A44E4D0-EEC3-44A5-AF5A-EAAB971336A7}.Release|x86.ActiveCfg = Release|x86
		{7A44E4D0-EEC3-44A5-AF5A-EAAB971336A7}.Release|x86.Build.0 = Release|x86
		{7A44E4D0-EEC3-44A5-AF5A-EAAB971336A7}.Release|x86.Deploy.0 = Release|x86
		{9176DE93-A6A6-4F29-B9C4-2358111DE0C4}.Debug|Any CPU.ActiveCfg = Debug|x86
		{9176DE93-A6A6-4F29-B9C4-2358111DE0C4}.Debug|ARM.ActiveCfg = Debug|ARM
		{9176DE93-A6A6-4F29-B9C4-2358111DE0C4}.Debug|ARM.Build.0 = Debug|ARM
		{9176DE93-A6A6-4F29-B9C4-2358111DE0C4}.Debug|ARM.Deploy.0 = Debug|ARM
		{9176DE93-A6A6-4F29-B9C4-2358111DE0C4}.Debug|x64.ActiveCfg = Debug|x64
		{9176DE93-A6A6-4F29-B9C4-2358111DE0C4}.Debug|x64.Build.0 = Debug|x64
		{9176DE93-A6A6-4F29-B9C4-2358111DE0C4}.Debug|x64.Deploy.0 = Debug|x64
		{9176DE93-A6A6-4F29-B9C4-2358111DE0C4}.Debug|x86.ActiveCfg = Debug|x86
		{9176DE93-A6A6-4F29-B9C4-2358111DE0C4}.Debug|x86.Build.0 = Debug|x86
		{9176DE93-A6A6-4F29-B9C4-2358111DE0C4}.Debug|x86.Deploy.0 = Debug|x86
		{9176DE93-A6A6-4F29-B9C4-2358111DE0C4}.Release|Any CPU.ActiveCfg = Release|x86
		{9176DE93-A6A6-4F29-B9C4-2358111DE0C4}.Release|ARM.ActiveCfg = Release|ARM
		{9176DE93-A6A6-4F29-B9C4-2358111DE0C4}.Release|ARM.Build.0 = Release|ARM
		{9176DE93-A6A6-4F29-B9C4-2358111DE0C4}.Release|ARM.Deploy.0 = Release|ARM
		{9176DE93-A6A6-4F29-B9C4-2358111DE0C4}.Release|x64.ActiveCfg = Release|x64
		{9176DE93-A6A6-4F29-B9C4-2358111DE0C4}.Release|x64.Build.0 = Release|x64
		{9176DE93-A6A6-4F29-B9C4-2358111DE0C4}.Release|x64.Deploy.0 = Release|x64
		{9176DE93-A6A6-4F29-B9C4-2358111DE0C4}.Release|x86.ActiveCfg = Release|x86
		{9176DE93-A6A6-4F29-B9C4-2358111DE0C4}.Release|x86.Build.0 = Release|x86
		{9176DE93-A6A6-4F29-B9C4-2358111DE0C4}.Release|x86.Deploy.0 = Release|x86
		{BD32BC48-30E2-4688-8887-C231EC1DBB6F}.Debug|Any CPU.ActiveCfg = Debug|Any CPU
		{BD32BC48-30E2-4688-8887-C231EC1DBB6F}.Debug|Any CPU.Build.0 = Debug|Any CPU
		{BD32BC48-30E2-4688-8887-C231EC1DBB6F}.Debug|ARM.ActiveCfg = Debug|Any CPU
		{BD32BC48-30E2-4688-8887-C231EC1DBB6F}.Debug|ARM.Build.0 = Debug|Any CPU
		{BD32BC48-30E2-4688-8887-C231EC1DBB6F}.Debug|x64.ActiveCfg = Debug|Any CPU
		{BD32BC48-30E2-4688-8887-C231EC1DBB6F}.Debug|x64.Build.0 = Debug|Any CPU
		{BD32BC48-30E2-4688-8887-C231EC1DBB6F}.Debug|x86.ActiveCfg = Debug|Any CPU
		{BD32BC48-30E2-4688-8887-C231EC1DBB6F}.Debug|x86.Build.0 = Debug|Any CPU
		{BD32BC48-30E2-4688-8887-C231EC1DBB6F}.Release|Any CPU.ActiveCfg = Release|Any CPU
		{BD32BC48-30E2-4688-8887-C231EC1DBB6F}.Release|Any CPU.Build.0 = Release|Any CPU
		{BD32BC48-30E2-4688-8887-C231EC1DBB6F}.Release|ARM.ActiveCfg = Release|Any CPU
		{BD32BC48-30E2-4688-8887-C231EC1DBB6F}.Release|ARM.Build.0 = Release|Any CPU
		{BD32BC48-30E2-4688-8887-C231EC1DBB6F}.Release|x64.ActiveCfg = Release|Any CPU
		{BD32BC48-30E2-4688-8887-C231EC1DBB6F}.Release|x64.Build.0 = Release|Any CPU
		{BD32BC48-30E2-4688-8887-C231EC1DBB6F}.Release|x86.ActiveCfg = Release|Any CPU
		{BD32BC48-30E2-4688-8887-C231EC1DBB6F}.Release|x86.Build.0 = Release|Any CPU
		{AAB52069-64AF-4A31-BFE0-454B4FA1861F}.Debug|Any CPU.ActiveCfg = Debug|Any CPU
		{AAB52069-64AF-4A31-BFE0-454B4FA1861F}.Debug|Any CPU.Build.0 = Debug|Any CPU
		{AAB52069-64AF-4A31-BFE0-454B4FA1861F}.Debug|ARM.ActiveCfg = Debug|Any CPU
		{AAB52069-64AF-4A31-BFE0-454B4FA1861F}.Debug|ARM.Build.0 = Debug|Any CPU
		{AAB52069-64AF-4A31-BFE0-454B4FA1861F}.Debug|x64.ActiveCfg = Debug|Any CPU
		{AAB52069-64AF-4A31-BFE0-454B4FA1861F}.Debug|x64.Build.0 = Debug|Any CPU
		{AAB52069-64AF-4A31-BFE0-454B4FA1861F}.Debug|x86.ActiveCfg = Debug|Any CPU
		{AAB52069-64AF-4A31-BFE0-454B4FA1861F}.Debug|x86.Build.0 = Debug|Any CPU
		{AAB52069-64AF-4A31-BFE0-454B4FA1861F}.Release|Any CPU.ActiveCfg = Release|Any CPU
		{AAB52069-64AF-4A31-BFE0-454B4FA1861F}.Release|Any CPU.Build.0 = Release|Any CPU
		{AAB52069-64AF-4A31-BFE0-454B4FA1861F}.Release|ARM.ActiveCfg = Release|Any CPU
		{AAB52069-64AF-4A31-BFE0-454B4FA1861F}.Release|ARM.Build.0 = Release|Any CPU
		{AAB52069-64AF-4A31-BFE0-454B4FA1861F}.Release|x64.ActiveCfg = Release|Any CPU
		{AAB52069-64AF-4A31-BFE0-454B4FA1861F}.Release|x64.Build.0 = Release|Any CPU
		{AAB52069-64AF-4A31-BFE0-454B4FA1861F}.Release|x86.ActiveCfg = Release|Any CPU
		{AAB52069-64AF-4A31-BFE0-454B4FA1861F}.Release|x86.Build.0 = Release|Any CPU
	EndGlobalSection
	GlobalSection(SolutionProperties) = preSolution
		HideSolutionNode = FALSE
	EndGlobalSection
EndGlobal
